
Microsoft Visual Studio Solution File, Format Version 12.00
# Visual Studio 14
VisualStudioVersion = 14.0.25420.1
MinimumVisualStudioVersion = 10.0.40219.1
Project("{2150E333-8FDC-42A3-9474-1A3956D46DE8}") = "_deployment", "_deployment", "{A02C7809-D14A-4503-A0ED-4828BF8C17FC}"
	ProjectSection(SolutionItems) = preProject
		inSyca.bt.gl_2016.deployment\BuildDebugMsi.bat = inSyca.bt.gl_2016.deployment\BuildDebugMsi.bat
		inSyca.bt.gl_2016.deployment\BuildReleaseMsi.bat = inSyca.bt.gl_2016.deployment\BuildReleaseMsi.bat
		inSyca.bt.gl_2016.deployment\deployment.btdfproj = inSyca.bt.gl_2016.deployment\deployment.btdfproj
		inSyca.bt.gl_2016.deployment\destinationDeployment.cmd = inSyca.bt.gl_2016.deployment\destinationDeployment.cmd
		inSyca.bt.gl_2016.deployment\InstallWizard.xml = inSyca.bt.gl_2016.deployment\InstallWizard.xml
		inSyca.bt.gl_2016.deployment\PortBindings.xml = inSyca.bt.gl_2016.deployment\PortBindings.xml
		inSyca.bt.gl_2016.deployment\UnInstallWizard.xml = inSyca.bt.gl_2016.deployment\UnInstallWizard.xml
	EndProjectSection
EndProject
Project("{2150E333-8FDC-42A3-9474-1A3956D46DE8}") = "custom", "custom", "{D5935499-DCD4-48F8-986B-842996EDFDBD}"
	ProjectSection(SolutionItems) = preProject
		inSyca.bt.gl_2016.deployment\custom\BizTalkDeploymentFramework.ServerExecute.targets = inSyca.bt.gl_2016.deployment\custom\BizTalkDeploymentFramework.ServerExecute.targets
		inSyca.bt.gl_2016.deployment\custom\BizTalkDeploymentFramework.targets = inSyca.bt.gl_2016.deployment\custom\BizTalkDeploymentFramework.targets
		inSyca.bt.gl_2016.deployment\custom\BizTalkDeploymentFramework.Tasks.BizTalk.dll = inSyca.bt.gl_2016.deployment\custom\BizTalkDeploymentFramework.Tasks.BizTalk.dll
		inSyca.bt.gl_2016.deployment\custom\BizTalkDeploymentFramework.Tasks.dll = inSyca.bt.gl_2016.deployment\custom\BizTalkDeploymentFramework.Tasks.dll
		inSyca.bt.gl_2016.deployment\custom\BizTalkDeploymentFramework.WiXSetup.targets = inSyca.bt.gl_2016.deployment\custom\BizTalkDeploymentFramework.WiXSetup.targets
		inSyca.bt.gl_2016.deployment\custom\GenericBizTalkMSI.wxs = inSyca.bt.gl_2016.deployment\custom\GenericBizTalkMSI.wxs
		inSyca.bt.gl_2016.deployment\custom\inSyca_WelcomeDlg.wxs = inSyca.bt.gl_2016.deployment\custom\inSyca_WelcomeDlg.wxs
		inSyca.bt.gl_2016.deployment\custom\inSyca_WixUI_InstallDir.wxs = inSyca.bt.gl_2016.deployment\custom\inSyca_WixUI_InstallDir.wxs
	EndProjectSection
EndProject
Project("{2150E333-8FDC-42A3-9474-1A3956D46DE8}") = "environmentsettings", "environmentsettings", "{2634D09F-BDEE-4BED-ABEB-5B9E4E993A05}"
	ProjectSection(SolutionItems) = preProject
		inSyca.bt.gl_2016.deployment\environmentsettings\SettingsFileGenerator.xml = inSyca.bt.gl_2016.deployment\environmentsettings\SettingsFileGenerator.xml
	EndProjectSection
EndProject
Project("{2150E333-8FDC-42A3-9474-1A3956D46DE8}") = "_documentation", "_documentation", "{02CCA967-F175-4E8D-8119-7EB30BECB2E6}"
EndProject
Project("{2150E333-8FDC-42A3-9474-1A3956D46DE8}") = "inSyca", "inSyca", "{CFC49A90-F6DB-4ED0-BF88-74183CE0C51A}"
	ProjectSection(SolutionItems) = preProject
		inSyca.bt.gl_2016.deployment\inSyca\inSyca_ExitDialog.wxs = inSyca.bt.gl_2016.deployment\inSyca\inSyca_ExitDialog.wxs
		inSyca.bt.gl_2016.deployment\inSyca\inSyca_InstallDirDlg.wxs = inSyca.bt.gl_2016.deployment\inSyca\inSyca_InstallDirDlg.wxs
		inSyca.bt.gl_2016.deployment\inSyca\inSyca_ProgressDlg.wxs = inSyca.bt.gl_2016.deployment\inSyca\inSyca_ProgressDlg.wxs
		inSyca.bt.gl_2016.deployment\inSyca\inSyca_ReleaseNotesDlg.wxs = inSyca.bt.gl_2016.deployment\inSyca\inSyca_ReleaseNotesDlg.wxs
		inSyca.bt.gl_2016.deployment\inSyca\inSyca_ServiceAccountDlg.wxs = inSyca.bt.gl_2016.deployment\inSyca\inSyca_ServiceAccountDlg.wxs
		inSyca.bt.gl_2016.deployment\inSyca\inSyca_VerifyReadyDlg.wxs = inSyca.bt.gl_2016.deployment\inSyca\inSyca_VerifyReadyDlg.wxs
		inSyca.bt.gl_2016.deployment\inSyca\inSyca_WelcomeDlg.wxs = inSyca.bt.gl_2016.deployment\inSyca\inSyca_WelcomeDlg.wxs
		inSyca.bt.gl_2016.deployment\inSyca\inSyca_WixUI_InstallDir.wxs = inSyca.bt.gl_2016.deployment\inSyca\inSyca_WixUI_InstallDir.wxs
	EndProjectSection
EndProject
Project("{2150E333-8FDC-42A3-9474-1A3956D46DE8}") = "_common", "_common", "{308002AE-5FB8-41D0-BE1E-BF05DE245DA0}"
EndProject
Project("{2150E333-8FDC-42A3-9474-1A3956D46DE8}") = "hosts", "hosts", "{B306D8A7-5883-4B03-8F5F-9CB0719067ED}"
	ProjectSection(SolutionItems) = preProject
		inSyca.bt.gl_2016.deployment\gacInstall.cmd = inSyca.bt.gl_2016.deployment\gacInstall.cmd
	EndProjectSection
EndProject
Project("{2150E333-8FDC-42A3-9474-1A3956D46DE8}") = "dev", "dev", "{2D864A32-9D77-431C-AD42-3FB586A097E5}"
	ProjectSection(SolutionItems) = preProject
		inSyca.bt.gl_2016.deployment\hosts\dev\btsadminconfiguration.xml = inSyca.bt.gl_2016.deployment\hosts\dev\btsadminconfiguration.xml
	EndProjectSection
EndProject
Project("{2150E333-8FDC-42A3-9474-1A3956D46DE8}") = "prod", "prod", "{BAB39A3B-7095-4335-AE0E-89BA00E5D31A}"
	ProjectSection(SolutionItems) = preProject
		inSyca.bt.gl_2016.deployment\hosts\prod\btsadminconfiguration.xml = inSyca.bt.gl_2016.deployment\hosts\prod\btsadminconfiguration.xml
	EndProjectSection
EndProject
Project("{2150E333-8FDC-42A3-9474-1A3956D46DE8}") = "test", "test", "{1245262C-3D74-41F4-9123-9D97F440EA74}"
	ProjectSection(SolutionItems) = preProject
		inSyca.bt.gl_2016.deployment\hosts\test\btsadminconfiguration.xml = inSyca.bt.gl_2016.deployment\hosts\test\btsadminconfiguration.xml
	EndProjectSection
EndProject
Project("{FAE04EC0-301F-11D3-BF4B-00C04F79EFBC}") = "inSyca.bt.gl.mb.orchestrations", "inSyca.bt.gl_2016\inSyca.bt.gl.mb.orchestrations\inSyca.bt.gl.mb.orchestrations.btproj", "{4190170A-3E3B-4BC7-9FA0-7186D64720D5}"
EndProject
Project("{FAE04EC0-301F-11D3-BF4B-00C04F79EFBC}") = "inSyca.bt.gl.mb.services", "inSyca.bt.gl_2016\inSyca.bt.gl.mb.services\inSyca.bt.gl.mb.services.btproj", "{D5C81594-BC89-4C34-8943-DB9E32BF31F3}"
EndProject
Project("{FAE04EC0-301F-11D3-BF4B-00C04F79EFBC}") = "inSyca.bt.gl.eeb.schemas", "insyca.bt.gl.eeb.schemas\inSyca.bt.gl.eeb.schemas.csproj", "{9302AD9E-4FEB-427D-8D3E-B7E17A65DBAC}"
EndProject
Project("{7CF6DF6D-3B04-46F8-A40B-537D21BCA0B4}") = "insyca.bt.gl.documentation", "insyca.bt.gl.documentation\insyca.bt.gl.documentation.shfbproj", "{2AD15402-7B6F-4202-B068-8C4B8E604548}"
EndProject
Project("{FAE04EC0-301F-11D3-BF4B-00C04F79EFBC}") = "insyca.bt.gl.eeb.orchestrations", "inSyca.bt.gl_2016\insyca.bt.gl.eeb.orchestrations\insyca.bt.gl.eeb.orchestrations.btproj", "{5FDED9B2-CAEF-4E9B-9B99-2D414102322D}"
EndProject
Project("{FAE04EC0-301F-11D3-BF4B-00C04F79EFBC}") = "insyca.bt.gl.eeb.orchestrations", "insyca.bt.gl.eeb.orchestrations\insyca.bt.gl.eeb.orchestrations.csproj", "{31B014EF-F310-4262-B69D-F91FF37AA0E6}"
EndProject
Project("{FAE04EC0-301F-11D3-BF4B-00C04F79EFBC}") = "insyca.bt.gl.pipelines", "insyca.bt.gl.pipelines\insyca.bt.gl.pipelines.csproj", "{05AD4D30-AC63-42F4-9B7F-9781127AADD9}"
EndProject
Project("{FAE04EC0-301F-11D3-BF4B-00C04F79EFBC}") = "inSyca.bt.gl.pipelines", "inSyca.bt.gl_2016\inSyca.bt.gl.pipelines\inSyca.bt.gl.pipelines.btproj", "{C182F238-0FB5-456A-B07E-F094360B2907}"
EndProject
Project("{FAE04EC0-301F-11D3-BF4B-00C04F79EFBC}") = "insyca.bt.gl.eeb.schemas.en", "inSyca.bt.gl_2016\insyca.bt.gl.eeb.schemas.en\insyca.bt.gl.eeb.schemas.en.btproj", "{1159032E-2E47-40C2-8E54-6540E473F45C}"
EndProject
Project("{FAE04EC0-301F-11D3-BF4B-00C04F79EFBC}") = "insyca.bt.gl.eeb.schemas", "inSyca.bt.gl_2016\insyca.bt.gl.eeb.schemas\insyca.bt.gl.eeb.schemas.btproj", "{B7B68ADA-7AF3-4995-8D97-0D0E69A07711}"
EndProject
Project("{FAE04EC0-301F-11D3-BF4B-00C04F79EFBC}") = "insyca.bt.gl.eeb.schemas.en.bu", "inSyca.bt.gl_2016\insyca.bt.gl.eeb.schemas.en.bu\insyca.bt.gl.eeb.schemas.en.bu.btproj", "{199336B6-234D-4F98-A55E-14D37197396C}"
EndProject
Project("{FAE04EC0-301F-11D3-BF4B-00C04F79EFBC}") = "insyca.bt.gl.mb.orchestrations", "insyca.bt.gl.mb.orchestrations\insyca.bt.gl.mb.orchestrations.csproj", "{49F761CB-F0AE-4959-B878-35E11D107EF5}"
EndProject
Project("{FAE04EC0-301F-11D3-BF4B-00C04F79EFBC}") = "insyca.bt.gl.mb.services", "insyca.bt.gl.mb.services\insyca.bt.gl.mb.services.csproj", "{C0FAB4D9-468F-4702-85F2-3C8327EF6F07}"
EndProject
Global
	GlobalSection(SolutionConfigurationPlatforms) = preSolution
		Debug|Any CPU = Debug|Any CPU
		Release|Any CPU = Release|Any CPU
	EndGlobalSection
	GlobalSection(ProjectConfigurationPlatforms) = postSolution
		{4190170A-3E3B-4BC7-9FA0-7186D64720D5}.Debug|Any CPU.ActiveCfg = Debug|Any CPU
		{4190170A-3E3B-4BC7-9FA0-7186D64720D5}.Debug|Any CPU.Build.0 = Debug|Any CPU
		{4190170A-3E3B-4BC7-9FA0-7186D64720D5}.Debug|Any CPU.Deploy.0 = Debug|Any CPU
		{4190170A-3E3B-4BC7-9FA0-7186D64720D5}.Release|Any CPU.ActiveCfg = Release|Any CPU
		{4190170A-3E3B-4BC7-9FA0-7186D64720D5}.Release|Any CPU.Build.0 = Release|Any CPU
		{4190170A-3E3B-4BC7-9FA0-7186D64720D5}.Release|Any CPU.Deploy.0 = Release|Any CPU
		{D5C81594-BC89-4C34-8943-DB9E32BF31F3}.Debug|Any CPU.ActiveCfg = Debug|Any CPU
		{D5C81594-BC89-4C34-8943-DB9E32BF31F3}.Debug|Any CPU.Build.0 = Debug|Any CPU
		{D5C81594-BC89-4C34-8943-DB9E32BF31F3}.Debug|Any CPU.Deploy.0 = Debug|Any CPU
		{D5C81594-BC89-4C34-8943-DB9E32BF31F3}.Release|Any CPU.ActiveCfg = Release|Any CPU
		{D5C81594-BC89-4C34-8943-DB9E32BF31F3}.Release|Any CPU.Build.0 = Release|Any CPU
		{D5C81594-BC89-4C34-8943-DB9E32BF31F3}.Release|Any CPU.Deploy.0 = Release|Any CPU
		{9302AD9E-4FEB-427D-8D3E-B7E17A65DBAC}.Debug|Any CPU.ActiveCfg = Debug|Any CPU
		{9302AD9E-4FEB-427D-8D3E-B7E17A65DBAC}.Debug|Any CPU.Build.0 = Debug|Any CPU
		{9302AD9E-4FEB-427D-8D3E-B7E17A65DBAC}.Release|Any CPU.ActiveCfg = Release|Any CPU
		{9302AD9E-4FEB-427D-8D3E-B7E17A65DBAC}.Release|Any CPU.Build.0 = Release|Any CPU
		{2AD15402-7B6F-4202-B068-8C4B8E604548}.Debug|Any CPU.ActiveCfg = Debug|Any CPU
		{2AD15402-7B6F-4202-B068-8C4B8E604548}.Release|Any CPU.ActiveCfg = Release|Any CPU
		{5FDED9B2-CAEF-4E9B-9B99-2D414102322D}.Debug|Any CPU.ActiveCfg = Debug|Any CPU
		{5FDED9B2-CAEF-4E9B-9B99-2D414102322D}.Debug|Any CPU.Build.0 = Debug|Any CPU
		{5FDED9B2-CAEF-4E9B-9B99-2D414102322D}.Debug|Any CPU.Deploy.0 = Debug|Any CPU
		{5FDED9B2-CAEF-4E9B-9B99-2D414102322D}.Release|Any CPU.ActiveCfg = Release|Any CPU
		{5FDED9B2-CAEF-4E9B-9B99-2D414102322D}.Release|Any CPU.Build.0 = Release|Any CPU
		{5FDED9B2-CAEF-4E9B-9B99-2D414102322D}.Release|Any CPU.Deploy.0 = Release|Any CPU
		{31B014EF-F310-4262-B69D-F91FF37AA0E6}.Debug|Any CPU.ActiveCfg = Debug|Any CPU
		{31B014EF-F310-4262-B69D-F91FF37AA0E6}.Debug|Any CPU.Build.0 = Debug|Any CPU
		{31B014EF-F310-4262-B69D-F91FF37AA0E6}.Release|Any CPU.ActiveCfg = Release|Any CPU
		{31B014EF-F310-4262-B69D-F91FF37AA0E6}.Release|Any CPU.Build.0 = Release|Any CPU
		{05AD4D30-AC63-42F4-9B7F-9781127AADD9}.Debug|Any CPU.ActiveCfg = Debug|Any CPU
		{05AD4D30-AC63-42F4-9B7F-9781127AADD9}.Debug|Any CPU.Build.0 = Debug|Any CPU
		{05AD4D30-AC63-42F4-9B7F-9781127AADD9}.Release|Any CPU.ActiveCfg = Release|Any CPU
		{05AD4D30-AC63-42F4-9B7F-9781127AADD9}.Release|Any CPU.Build.0 = Release|Any CPU
		{C182F238-0FB5-456A-B07E-F094360B2907}.Debug|Any CPU.ActiveCfg = Debug|Any CPU
		{C182F238-0FB5-456A-B07E-F094360B2907}.Debug|Any CPU.Build.0 = Debug|Any CPU
		{C182F238-0FB5-456A-B07E-F094360B2907}.Debug|Any CPU.Deploy.0 = Debug|Any CPU
		{C182F238-0FB5-456A-B07E-F094360B2907}.Release|Any CPU.ActiveCfg = Release|Any CPU
		{C182F238-0FB5-456A-B07E-F094360B2907}.Release|Any CPU.Build.0 = Release|Any CPU
		{C182F238-0FB5-456A-B07E-F094360B2907}.Release|Any CPU.Deploy.0 = Release|Any CPU
		{1159032E-2E47-40C2-8E54-6540E473F45C}.Debug|Any CPU.ActiveCfg = Debug|Any CPU
		{1159032E-2E47-40C2-8E54-6540E473F45C}.Debug|Any CPU.Build.0 = Debug|Any CPU
		{1159032E-2E47-40C2-8E54-6540E473F45C}.Debug|Any CPU.Deploy.0 = Debug|Any CPU
		{1159032E-2E47-40C2-8E54-6540E473F45C}.Release|Any CPU.ActiveCfg = Release|Any CPU
		{1159032E-2E47-40C2-8E54-6540E473F45C}.Release|Any CPU.Build.0 = Release|Any CPU
		{1159032E-2E47-40C2-8E54-6540E473F45C}.Release|Any CPU.Deploy.0 = Release|Any CPU
		{B7B68ADA-7AF3-4995-8D97-0D0E69A07711}.Debug|Any CPU.ActiveCfg = Debug|Any CPU
		{B7B68ADA-7AF3-4995-8D97-0D0E69A07711}.Debug|Any CPU.Build.0 = Debug|Any CPU
		{B7B68ADA-7AF3-4995-8D97-0D0E69A07711}.Debug|Any CPU.Deploy.0 = Debug|Any CPU
		{B7B68ADA-7AF3-4995-8D97-0D0E69A07711}.Release|Any CPU.ActiveCfg = Release|Any CPU
		{B7B68ADA-7AF3-4995-8D97-0D0E69A07711}.Release|Any CPU.Build.0 = Release|Any CPU
		{B7B68ADA-7AF3-4995-8D97-0D0E69A07711}.Release|Any CPU.Deploy.0 = Release|Any CPU
		{199336B6-234D-4F98-A55E-14D37197396C}.Debug|Any CPU.ActiveCfg = Debug|Any CPU
		{199336B6-234D-4F98-A55E-14D37197396C}.Debug|Any CPU.Build.0 = Debug|Any CPU
		{199336B6-234D-4F98-A55E-14D37197396C}.Debug|Any CPU.Deploy.0 = Debug|Any CPU
		{199336B6-234D-4F98-A55E-14D37197396C}.Release|Any CPU.ActiveCfg = Release|Any CPU
		{199336B6-234D-4F98-A55E-14D37197396C}.Release|Any CPU.Build.0 = Release|Any CPU
		{199336B6-234D-4F98-A55E-14D37197396C}.Release|Any CPU.Deploy.0 = Release|Any CPU
		{49F761CB-F0AE-4959-B878-35E11D107EF5}.Debug|Any CPU.ActiveCfg = Debug|Any CPU
		{49F761CB-F0AE-4959-B878-35E11D107EF5}.Debug|Any CPU.Build.0 = Debug|Any CPU
		{49F761CB-F0AE-4959-B878-35E11D107EF5}.Release|Any CPU.ActiveCfg = Release|Any CPU
		{49F761CB-F0AE-4959-B878-35E11D107EF5}.Release|Any CPU.Build.0 = Release|Any CPU
		{C0FAB4D9-468F-4702-85F2-3C8327EF6F07}.Debug|Any CPU.ActiveCfg = Debug|Any CPU
		{C0FAB4D9-468F-4702-85F2-3C8327EF6F07}.Debug|Any CPU.Build.0 = Debug|Any CPU
		{C0FAB4D9-468F-4702-85F2-3C8327EF6F07}.Release|Any CPU.ActiveCfg = Release|Any CPU
		{C0FAB4D9-468F-4702-85F2-3C8327EF6F07}.Release|Any CPU.Build.0 = Release|Any CPU
	EndGlobalSection
	GlobalSection(SolutionProperties) = preSolution
		HideSolutionNode = FALSE
	EndGlobalSection
	GlobalSection(NestedProjects) = preSolution
		{D5935499-DCD4-48F8-986B-842996EDFDBD} = {A02C7809-D14A-4503-A0ED-4828BF8C17FC}
		{2634D09F-BDEE-4BED-ABEB-5B9E4E993A05} = {A02C7809-D14A-4503-A0ED-4828BF8C17FC}
		{CFC49A90-F6DB-4ED0-BF88-74183CE0C51A} = {A02C7809-D14A-4503-A0ED-4828BF8C17FC}
		{B306D8A7-5883-4B03-8F5F-9CB0719067ED} = {A02C7809-D14A-4503-A0ED-4828BF8C17FC}
		{2D864A32-9D77-431C-AD42-3FB586A097E5} = {B306D8A7-5883-4B03-8F5F-9CB0719067ED}
		{BAB39A3B-7095-4335-AE0E-89BA00E5D31A} = {B306D8A7-5883-4B03-8F5F-9CB0719067ED}
		{1245262C-3D74-41F4-9123-9D97F440EA74} = {B306D8A7-5883-4B03-8F5F-9CB0719067ED}
		{9302AD9E-4FEB-427D-8D3E-B7E17A65DBAC} = {308002AE-5FB8-41D0-BE1E-BF05DE245DA0}
		{2AD15402-7B6F-4202-B068-8C4B8E604548} = {02CCA967-F175-4E8D-8119-7EB30BECB2E6}
		{31B014EF-F310-4262-B69D-F91FF37AA0E6} = {308002AE-5FB8-41D0-BE1E-BF05DE245DA0}
		{05AD4D30-AC63-42F4-9B7F-9781127AADD9} = {308002AE-5FB8-41D0-BE1E-BF05DE245DA0}
		{49F761CB-F0AE-4959-B878-35E11D107EF5} = {308002AE-5FB8-41D0-BE1E-BF05DE245DA0}
		{C0FAB4D9-468F-4702-85F2-3C8327EF6F07} = {308002AE-5FB8-41D0-BE1E-BF05DE245DA0}
	EndGlobalSection
EndGlobal
