
Microsoft Visual Studio Solution File, Format Version 12.00
# Visual Studio 2013
VisualStudioVersion = 12.0.40629.0
MinimumVisualStudioVersion = 10.0.40219.1
Project("{FAE04EC0-301F-11D3-BF4B-00C04F79EFBC}") = "maps", "maps\maps.btproj", "{08D5D5C5-B393-4A68-A13B-9C13E2D60F10}"
EndProject
Project("{FAE04EC0-301F-11D3-BF4B-00C04F79EFBC}") = "orchestrations", "orchestrations\orchestrations.btproj", "{AFB76D91-DB35-4AE6-91EC-FD0D98A6E537}"
EndProject
Project("{FAE04EC0-301F-11D3-BF4B-00C04F79EFBC}") = "schemas", "schemas\schemas.btproj", "{2381E21C-D8E0-4B12-A51E-7CF45EF60FCA}"
EndProject
Project("{2150E333-8FDC-42A3-9474-1A3956D46DE8}") = "deployment", "deployment", "{5F6977FB-F98A-4433-BD3E-55EC3DBE7F7A}"
EndProject
Project("{2150E333-8FDC-42A3-9474-1A3956D46DE8}") = "unittest", "unittest", "{A404EA5D-1F78-40A0-8D68-1E42F7C9E444}"
EndProject
Project("{FAE04EC0-301F-11D3-BF4B-00C04F79EFBC}") = "unittest", "unittest\unittest.csproj", "{3F960948-B6D7-4B71-AB34-4364CD74C2EC}"
EndProject
Project("{FAE04EC0-301F-11D3-BF4B-00C04F79EFBC}") = "deployment", "deployment\deployment.csproj", "{A8BD3EF6-BFE3-4E0A-9E26-E3BB537D923D}"
EndProject
Project("{2150E333-8FDC-42A3-9474-1A3956D46DE8}") = "biztalk.testfiles", "biztalk.testfiles", "{6A8DA92C-68E3-4411-A721-B5A0A9B085C6}"
	ProjectSection(SolutionItems) = preProject
		unittest\biztalk.testfiles\_placeholder = unittest\biztalk.testfiles\_placeholder
	EndProjectSection
EndProject
Global
	GlobalSection(SolutionConfigurationPlatforms) = preSolution
		Debug|Any CPU = Debug|Any CPU
		Debug|Mixed Platforms = Debug|Mixed Platforms
		Debug|x86 = Debug|x86
		Release|Any CPU = Release|Any CPU
		Release|Mixed Platforms = Release|Mixed Platforms
		Release|x86 = Release|x86
	EndGlobalSection
	GlobalSection(ProjectConfigurationPlatforms) = postSolution
		{08D5D5C5-B393-4A68-A13B-9C13E2D60F10}.Debug|Any CPU.ActiveCfg = Debug|Any CPU
		{08D5D5C5-B393-4A68-A13B-9C13E2D60F10}.Debug|Any CPU.Build.0 = Debug|Any CPU
		{08D5D5C5-B393-4A68-A13B-9C13E2D60F10}.Debug|Any CPU.Deploy.0 = Debug|Any CPU
		{08D5D5C5-B393-4A68-A13B-9C13E2D60F10}.Debug|Mixed Platforms.ActiveCfg = Debug|Any CPU
		{08D5D5C5-B393-4A68-A13B-9C13E2D60F10}.Debug|x86.ActiveCfg = Debug|Any CPU
		{08D5D5C5-B393-4A68-A13B-9C13E2D60F10}.Release|Any CPU.ActiveCfg = Release|Any CPU
		{08D5D5C5-B393-4A68-A13B-9C13E2D60F10}.Release|Any CPU.Build.0 = Release|Any CPU
		{08D5D5C5-B393-4A68-A13B-9C13E2D60F10}.Release|Any CPU.Deploy.0 = Release|Any CPU
		{08D5D5C5-B393-4A68-A13B-9C13E2D60F10}.Release|Mixed Platforms.ActiveCfg = Release|Any CPU
		{08D5D5C5-B393-4A68-A13B-9C13E2D60F10}.Release|x86.ActiveCfg = Release|Any CPU
		{AFB76D91-DB35-4AE6-91EC-FD0D98A6E537}.Debug|Any CPU.ActiveCfg = Debug|Any CPU
		{AFB76D91-DB35-4AE6-91EC-FD0D98A6E537}.Debug|Any CPU.Build.0 = Debug|Any CPU
		{AFB76D91-DB35-4AE6-91EC-FD0D98A6E537}.Debug|Any CPU.Deploy.0 = Debug|Any CPU
		{AFB76D91-DB35-4AE6-91EC-FD0D98A6E537}.Debug|Mixed Platforms.ActiveCfg = Debug|Any CPU
		{AFB76D91-DB35-4AE6-91EC-FD0D98A6E537}.Debug|x86.ActiveCfg = Debug|Any CPU
		{AFB76D91-DB35-4AE6-91EC-FD0D98A6E537}.Release|Any CPU.ActiveCfg = Release|Any CPU
		{AFB76D91-DB35-4AE6-91EC-FD0D98A6E537}.Release|Any CPU.Build.0 = Release|Any CPU
		{AFB76D91-DB35-4AE6-91EC-FD0D98A6E537}.Release|Any CPU.Deploy.0 = Release|Any CPU
		{AFB76D91-DB35-4AE6-91EC-FD0D98A6E537}.Release|Mixed Platforms.ActiveCfg = Release|Any CPU
		{AFB76D91-DB35-4AE6-91EC-FD0D98A6E537}.Release|x86.ActiveCfg = Release|Any CPU
		{2381E21C-D8E0-4B12-A51E-7CF45EF60FCA}.Debug|Any CPU.ActiveCfg = Debug|Any CPU
		{2381E21C-D8E0-4B12-A51E-7CF45EF60FCA}.Debug|Any CPU.Build.0 = Debug|Any CPU
		{2381E21C-D8E0-4B12-A51E-7CF45EF60FCA}.Debug|Any CPU.Deploy.0 = Debug|Any CPU
		{2381E21C-D8E0-4B12-A51E-7CF45EF60FCA}.Debug|Mixed Platforms.ActiveCfg = Debug|Any CPU
		{2381E21C-D8E0-4B12-A51E-7CF45EF60FCA}.Debug|x86.ActiveCfg = Debug|Any CPU
		{2381E21C-D8E0-4B12-A51E-7CF45EF60FCA}.Release|Any CPU.ActiveCfg = Release|Any CPU
		{2381E21C-D8E0-4B12-A51E-7CF45EF60FCA}.Release|Any CPU.Build.0 = Release|Any CPU
		{2381E21C-D8E0-4B12-A51E-7CF45EF60FCA}.Release|Any CPU.Deploy.0 = Release|Any CPU
		{2381E21C-D8E0-4B12-A51E-7CF45EF60FCA}.Release|Mixed Platforms.ActiveCfg = Release|Any CPU
		{2381E21C-D8E0-4B12-A51E-7CF45EF60FCA}.Release|x86.ActiveCfg = Release|Any CPU
		{3F960948-B6D7-4B71-AB34-4364CD74C2EC}.Debug|Any CPU.ActiveCfg = Debug|Any CPU
		{3F960948-B6D7-4B71-AB34-4364CD74C2EC}.Debug|Any CPU.Build.0 = Debug|Any CPU
		{3F960948-B6D7-4B71-AB34-4364CD74C2EC}.Debug|Mixed Platforms.ActiveCfg = Debug|Any CPU
		{3F960948-B6D7-4B71-AB34-4364CD74C2EC}.Debug|x86.ActiveCfg = Debug|Any CPU
		{3F960948-B6D7-4B71-AB34-4364CD74C2EC}.Release|Any CPU.ActiveCfg = Release|Any CPU
		{3F960948-B6D7-4B71-AB34-4364CD74C2EC}.Release|Any CPU.Build.0 = Release|Any CPU
		{3F960948-B6D7-4B71-AB34-4364CD74C2EC}.Release|Mixed Platforms.ActiveCfg = Release|Any CPU
		{3F960948-B6D7-4B71-AB34-4364CD74C2EC}.Release|x86.ActiveCfg = Release|Any CPU
		{A8BD3EF6-BFE3-4E0A-9E26-E3BB537D923D}.Debug|Any CPU.ActiveCfg = Debug|Any CPU
		{A8BD3EF6-BFE3-4E0A-9E26-E3BB537D923D}.Debug|Any CPU.Build.0 = Debug|Any CPU
		{A8BD3EF6-BFE3-4E0A-9E26-E3BB537D923D}.Debug|Mixed Platforms.ActiveCfg = Debug|Any CPU
		{A8BD3EF6-BFE3-4E0A-9E26-E3BB537D923D}.Debug|x86.ActiveCfg = Debug|Any CPU
		{A8BD3EF6-BFE3-4E0A-9E26-E3BB537D923D}.Release|Any CPU.ActiveCfg = Release|Any CPU
		{A8BD3EF6-BFE3-4E0A-9E26-E3BB537D923D}.Release|Any CPU.Build.0 = Release|Any CPU
		{A8BD3EF6-BFE3-4E0A-9E26-E3BB537D923D}.Release|Mixed Platforms.ActiveCfg = Release|Any CPU
		{A8BD3EF6-BFE3-4E0A-9E26-E3BB537D923D}.Release|x86.ActiveCfg = Release|Any CPU
	EndGlobalSection
	GlobalSection(SolutionProperties) = preSolution
		HideSolutionNode = FALSE
	EndGlobalSection
	GlobalSection(NestedProjects) = preSolution
		{3F960948-B6D7-4B71-AB34-4364CD74C2EC} = {A404EA5D-1F78-40A0-8D68-1E42F7C9E444}
		{A8BD3EF6-BFE3-4E0A-9E26-E3BB537D923D} = {5F6977FB-F98A-4433-BD3E-55EC3DBE7F7A}
		{6A8DA92C-68E3-4411-A721-B5A0A9B085C6} = {A404EA5D-1F78-40A0-8D68-1E42F7C9E444}
	EndGlobalSection
EndGlobal
